
Microsoft Visual Studio Solution File, Format Version 12.00
# Visual Studio 15
VisualStudioVersion = 15.0.28307.438
MinimumVisualStudioVersion = 10.0.40219.1
Project("{FAE04EC0-301F-11D3-BF4B-00C04F79EFBC}") = "VidlyApp", "VidlyApp\VidlyApp.csproj", "{265B03B8-520B-432E-BD11-E545B92181CD}"
EndProject
Global
	GlobalSection(SolutionConfigurationPlatforms) = preSolution
		Debug|Any CPU = Debug|Any CPU
		Release|Any CPU = Release|Any CPU
	EndGlobalSection
	GlobalSection(ProjectConfigurationPlatforms) = postSolution
		{265B03B8-520B-432E-BD11-E545B92181CD}.Debug|Any CPU.ActiveCfg = Debug|Any CPU
		{265B03B8-520B-432E-BD11-E545B92181CD}.Debug|Any CPU.Build.0 = Debug|Any CPU
		{265B03B8-520B-432E-BD11-E545B92181CD}.Release|Any CPU.ActiveCfg = Release|Any CPU
		{265B03B8-520B-432E-BD11-E545B92181CD}.Release|Any CPU.Build.0 = Release|Any CPU
	EndGlobalSection
	GlobalSection(SolutionProperties) = preSolution
		HideSolutionNode = FALSE
	EndGlobalSection
	GlobalSection(ExtensibilityGlobals) = postSolution
		SolutionGuid = {1C737553-FB83-4961-96FB-20B9D80649D9}
	EndGlobalSection
EndGlobal
